
Microsoft Visual Studio Solution File, Format Version 12.00
# Visual Studio Version 17
VisualStudioVersion = 17.4.33213.308
MinimumVisualStudioVersion = 10.0.40219.1
Project("{9A19103F-16F7-4668-BE54-9A1E7A4F7556}") = "LasAnalyzer", "LasAnalyzer.csproj", "{DC355EE5-1419-4686-AE1D-701D64BD5C87}"
EndProject
Project("{2150E333-8FDC-42A3-9474-1A3956D46DE8}") = "Solution Items", "Solution Items", "{C8CA341E-7C68-41B0-9223-1B3E5016582B}"
EndProject
Global
	GlobalSection(SolutionConfigurationPlatforms) = preSolution
		Debug|Any CPU = Debug|Any CPU
		Release|Any CPU = Release|Any CPU
	EndGlobalSection
	GlobalSection(ProjectConfigurationPlatforms) = postSolution
		{DC355EE5-1419-4686-AE1D-701D64BD5C87}.Debug|Any CPU.ActiveCfg = Debug|Any CPU
		{DC355EE5-1419-4686-AE1D-701D64BD5C87}.Debug|Any CPU.Build.0 = Debug|Any CPU
		{DC355EE5-1419-4686-AE1D-701D64BD5C87}.Release|Any CPU.ActiveCfg = Release|Any CPU
		{DC355EE5-1419-4686-AE1D-701D64BD5C87}.Release|Any CPU.Build.0 = Release|Any CPU
	EndGlobalSection
	GlobalSection(SolutionProperties) = preSolution
		HideSolutionNode = FALSE
	EndGlobalSection
	GlobalSection(ExtensibilityGlobals) = postSolution
		SolutionGuid = {4C554679-58D2-42A4-ACA4-62CDAEAE6FD1}
	EndGlobalSection
EndGlobal
